
Microsoft Visual Studio Solution File, Format Version 12.00
# Visual Studio Version 17
VisualStudioVersion = 17.3.32811.315
MinimumVisualStudioVersion = 10.0.40219.1
Project("{FAE04EC0-301F-11D3-BF4B-00C04F79EFBC}") = "Bloggie.Udemy.Core", "Bloggie.Udemy.Core\Bloggie.Udemy.Core.csproj", "{346F162C-A31E-4583-9FB5-8A3ECEEBCA88}"
EndProject
Global
	GlobalSection(SolutionConfigurationPlatforms) = preSolution
		Debug|Any CPU = Debug|Any CPU
		Release|Any CPU = Release|Any CPU
	EndGlobalSection
	GlobalSection(ProjectConfigurationPlatforms) = postSolution
		{346F162C-A31E-4583-9FB5-8A3ECEEBCA88}.Debug|Any CPU.ActiveCfg = Debug|Any CPU
		{346F162C-A31E-4583-9FB5-8A3ECEEBCA88}.Debug|Any CPU.Build.0 = Debug|Any CPU
		{346F162C-A31E-4583-9FB5-8A3ECEEBCA88}.Release|Any CPU.ActiveCfg = Release|Any CPU
		{346F162C-A31E-4583-9FB5-8A3ECEEBCA88}.Release|Any CPU.Build.0 = Release|Any CPU
	EndGlobalSection
	GlobalSection(SolutionProperties) = preSolution
		HideSolutionNode = FALSE
	EndGlobalSection
	GlobalSection(ExtensibilityGlobals) = postSolution
		SolutionGuid = {5A97C5F3-6C4D-4048-9C34-54E1ADBA4272}
	EndGlobalSection
EndGlobal
